dependencies:
- name: memcached
  repository: https://charts.bitnami.com/bitnami
  version: 6.0.22
- name: memcached
  repository: https://charts.bitnami.com/bitnami
  version: 6.0.22
- name: memcached
  repository: https://charts.bitnami.com/bitnami
  version: 6.0.22
- name: memcached
  repository: https://charts.bitnami.com/bitnami
  version: 6.0.22
- name: memcached
  repository: https://charts.bitnami.com/bitnami
  version: 6.0.22
- name: memcached
  repository: https://charts.bitnami.com/bitnami
  version: 6.0.22
- name: memcached
  repository: https://charts.bitnami.com/bitnami
  version: 6.0.22
digest: sha256:8c5c12aa57cf078b1e35ad3719fcde55e22a3e4d6d1ffb0bb158993db47de74e
generated: "2022-05-24T15:30:01.587132798Z"
